// !$*UTF8*$!
{
	archiveVersion = 1;
	classes = {
	};
	objectVersion = 50;
	objects = {

/* Begin PBXBuildFile section */
		885913065A3D4B031346D28A /* Pods_Zoodles.framework in Frameworks */ = {isa = PBXBuildFile; fileRef = CCA1B77F40C5304241407A2E /* Pods_Zoodles.framework */; };
		90420028223D36790022A640 /* AppDelegate.swift in Sources */ = {isa = PBXBuildFile; fileRef = 90420027223D36790022A640 /* AppDelegate.swift */; };
		9042002A223D36790022A640 /* ViewController.swift in Sources */ = {isa = PBXBuildFile; fileRef = 90420029223D36790022A640 /* ViewController.swift */; };
		9042002D223D36790022A640 /* Main.storyboard in Resources */ = {isa = PBXBuildFile; fileRef = 9042002B223D36790022A640 /* Main.storyboard */; };
		90420032223D36800022A640 /* Assets.xcassets in Resources */ = {isa = PBXBuildFile; fileRef = 90420031223D36800022A640 /* Assets.xcassets */; };
		90420035223D36800022A640 /* LaunchScreen.storyboard in Resources */ = {isa = PBXBuildFile; fileRef = 90420033223D36800022A640 /* LaunchScreen.storyboard */; };
		9042003D223D38940022A640 /* PersistenceService.swift in Sources */ = {isa = PBXBuildFile; fileRef = 9042003C223D38940022A640 /* PersistenceService.swift */; };
		90420040223D3BF50022A640 /* Person+CoreDataClass.swift in Sources */ = {isa = PBXBuildFile; fileRef = 9042003E223D3BF50022A640 /* Person+CoreDataClass.swift */; };
		90420041223D3BF60022A640 /* Person+CoreDataProperties.swift in Sources */ = {isa = PBXBuildFile; fileRef = 9042003F223D3BF50022A640 /* Person+CoreDataProperties.swift */; };
		90420043223D44A60022A640 /* CreateAccountViewController.swift in Sources */ = {isa = PBXBuildFile; fileRef = 90420042223D44A60022A640 /* CreateAccountViewController.swift */; };
		90420048223D6CEC0022A640 /* SignInViewController.swift in Sources */ = {isa = PBXBuildFile; fileRef = 90420047223D6CEC0022A640 /* SignInViewController.swift */; };
		9042004B223DC3CA0022A640 /* SelectedEventsViewController.swift in Sources */ = {isa = PBXBuildFile; fileRef = 9042004A223DC3C90022A640 /* SelectedEventsViewController.swift */; };
		9042004E223DEB4E0022A640 /* Event+CoreDataClass.swift in Sources */ = {isa = PBXBuildFile; fileRef = 9042004C223DEB4E0022A640 /* Event+CoreDataClass.swift */; };
		9042004F223DEB4E0022A640 /* Event+CoreDataProperties.swift in Sources */ = {isa = PBXBuildFile; fileRef = 9042004D223DEB4E0022A640 /* Event+CoreDataProperties.swift */; };
		90420051223ED46E0022A640 /* BusScheduleViewController.swift in Sources */ = {isa = PBXBuildFile; fileRef = 90420050223ED46E0022A640 /* BusScheduleViewController.swift */; };
		90420056223ED8490022A640 /* BusSchedule+CoreDataClass.swift in Sources */ = {isa = PBXBuildFile; fileRef = 90420052223ED8490022A640 /* BusSchedule+CoreDataClass.swift */; };
		90420057223ED8490022A640 /* BusSchedule+CoreDataProperties.swift in Sources */ = {isa = PBXBuildFile; fileRef = 90420053223ED8490022A640 /* BusSchedule+CoreDataProperties.swift */; };
		90420058223ED8490022A640 /* Bus+CoreDataClass.swift in Sources */ = {isa = PBXBuildFile; fileRef = 90420054223ED8490022A640 /* Bus+CoreDataClass.swift */; };
		90420059223ED8490022A640 /* Bus+CoreDataProperties.swift in Sources */ = {isa = PBXBuildFile; fileRef = 90420055223ED8490022A640 /* Bus+CoreDataProperties.swift */; };
		904200662241A48B0022A640 /* CustomCell.swift in Sources */ = {isa = PBXBuildFile; fileRef = 904200652241A48B0022A640 /* CustomCell.swift */; };
		9042006A2241C6D90022A640 /* CalendarViewController.swift in Sources */ = {isa = PBXBuildFile; fileRef = 904200692241C6D90022A640 /* CalendarViewController.swift */; };
		90E2D7D92246AABD00BF8A09 /* Location4+CoreDataClass.swift in Sources */ = {isa = PBXBuildFile; fileRef = 90E2D7D12246AABD00BF8A09 /* Location4+CoreDataClass.swift */; };
		90E2D7DA2246AABD00BF8A09 /* Location4+CoreDataProperties.swift in Sources */ = {isa = PBXBuildFile; fileRef = 90E2D7D22246AABD00BF8A09 /* Location4+CoreDataProperties.swift */; };
		90E2D7DB2246AABD00BF8A09 /* Location3+CoreDataClass.swift in Sources */ = {isa = PBXBuildFile; fileRef = 90E2D7D32246AABD00BF8A09 /* Location3+CoreDataClass.swift */; };
		90E2D7DC2246AABD00BF8A09 /* Location3+CoreDataProperties.swift in Sources */ = {isa = PBXBuildFile; fileRef = 90E2D7D42246AABD00BF8A09 /* Location3+CoreDataProperties.swift */; };
		90E2D7DD2246AABD00BF8A09 /* Location2+CoreDataClass.swift in Sources */ = {isa = PBXBuildFile; fileRef = 90E2D7D52246AABD00BF8A09 /* Location2+CoreDataClass.swift */; };
		90E2D7DE2246AABD00BF8A09 /* Location2+CoreDataProperties.swift in Sources */ = {isa = PBXBuildFile; fileRef = 90E2D7D62246AABD00BF8A09 /* Location2+CoreDataProperties.swift */; };
		90E2D7DF2246AABD00BF8A09 /* Location1+CoreDataClass.swift in Sources */ = {isa = PBXBuildFile; fileRef = 90E2D7D72246AABD00BF8A09 /* Location1+CoreDataClass.swift */; };
		90E2D7E02246AABD00BF8A09 /* Location1+CoreDataProperties.swift in Sources */ = {isa = PBXBuildFile; fileRef = 90E2D7D82246AABD00BF8A09 /* Location1+CoreDataProperties.swift */; };
		90E2D7E22246B72E00BF8A09 /* Model.xcmappingmodel in Sources */ = {isa = PBXBuildFile; fileRef = 90E2D7E12246B72E00BF8A09 /* Model.xcmappingmodel */; };
		90E2D7ED2246BED400BF8A09 /* Saving_Data.xcdatamodeld in Sources */ = {isa = PBXBuildFile; fileRef = 90E2D7EC2246BED300BF8A09 /* Saving_Data.xcdatamodeld */; };
/* End PBXBuildFile section */

/* Begin PBXFileReference section */
		24201BCD68EF51E3E548D585 /* Pods-Zoodles.debug.xcconfig */ = {isa = PBXFileReference; includeInIndex = 1; lastKnownFileType = text.xcconfig; name = "Pods-Zoodles.debug.xcconfig"; path = "Target Support Files/Pods-Zoodles/Pods-Zoodles.debug.xcconfig"; sourceTree = "<group>"; };
		90420024223D36790022A640 /* Zoodles.app */ = {isa = PBXFileReference; explicitFileType = wrapper.application; includeInIndex = 0; path = Zoodles.app; sourceTree = BUILT_PRODUCTS_DIR; };
		90420027223D36790022A640 /* AppDelegate.swift */ = {isa = PBXFileReference; lastKnownFileType = sourcecode.swift; path = AppDelegate.swift; sourceTree = "<group>"; };
		90420029223D36790022A640 /* ViewController.swift */ = {isa = PBXFileReference; lastKnownFileType = sourcecode.swift; path = ViewController.swift; sourceTree = "<group>"; };
		9042002C223D36790022A640 /* Base */ = {isa = PBXFileReference; lastKnownFileType = file.storyboard; name = Base; path = Base.lproj/Main.storyboard; sourceTree = "<group>"; };
		90420031223D36800022A640 /* Assets.xcassets */ = {isa = PBXFileReference; lastKnownFileType = folder.assetcatalog; path = Assets.xcassets; sourceTree = "<group>"; };
		90420034223D36800022A640 /* Base */ = {isa = PBXFileReference; lastKnownFileType = file.storyboard; name = Base; path = Base.lproj/LaunchScreen.storyboard; sourceTree = "<group>"; };
		90420036223D36800022A640 /* Info.plist */ = {isa = PBXFileReference; lastKnownFileType = text.plist.xml; path = Info.plist; sourceTree = "<group>"; };
		9042003C223D38940022A640 /* PersistenceService.swift */ = {isa = PBXFileReference; lastKnownFileType = sourcecode.swift; path = PersistenceService.swift; sourceTree = "<group>"; };
		9042003E223D3BF50022A640 /* Person+CoreDataClass.swift */ = {isa = PBXFileReference; lastKnownFileType = sourcecode.swift; path = "Person+CoreDataClass.swift"; sourceTree = "<group>"; };
		9042003F223D3BF50022A640 /* Person+CoreDataProperties.swift */ = {isa = PBXFileReference; lastKnownFileType = sourcecode.swift; path = "Person+CoreDataProperties.swift"; sourceTree = "<group>"; };
		90420042223D44A60022A640 /* CreateAccountViewController.swift */ = {isa = PBXFileReference; lastKnownFileType = sourcecode.swift; path = CreateAccountViewController.swift; sourceTree = "<group>"; };
		90420047223D6CEC0022A640 /* SignInViewController.swift */ = {isa = PBXFileReference; lastKnownFileType = sourcecode.swift; path = SignInViewController.swift; sourceTree = "<group>"; };
		9042004A223DC3C90022A640 /* SelectedEventsViewController.swift */ = {isa = PBXFileReference; lastKnownFileType = sourcecode.swift; path = SelectedEventsViewController.swift; sourceTree = "<group>"; };
		9042004C223DEB4E0022A640 /* Event+CoreDataClass.swift */ = {isa = PBXFileReference; lastKnownFileType = sourcecode.swift; path = "Event+CoreDataClass.swift"; sourceTree = "<group>"; };
		9042004D223DEB4E0022A640 /* Event+CoreDataProperties.swift */ = {isa = PBXFileReference; lastKnownFileType = sourcecode.swift; path = "Event+CoreDataProperties.swift"; sourceTree = "<group>"; };
		90420050223ED46E0022A640 /* BusScheduleViewController.swift */ = {isa = PBXFileReference; lastKnownFileType = sourcecode.swift; path = BusScheduleViewController.swift; sourceTree = "<group>"; };
		90420052223ED8490022A640 /* BusSchedule+CoreDataClass.swift */ = {isa = PBXFileReference; lastKnownFileType = sourcecode.swift; path = "BusSchedule+CoreDataClass.swift"; sourceTree = "<group>"; };
		90420053223ED8490022A640 /* BusSchedule+CoreDataProperties.swift */ = {isa = PBXFileReference; lastKnownFileType = sourcecode.swift; path = "BusSchedule+CoreDataProperties.swift"; sourceTree = "<group>"; };
		90420054223ED8490022A640 /* Bus+CoreDataClass.swift */ = {isa = PBXFileReference; lastKnownFileType = sourcecode.swift; path = "Bus+CoreDataClass.swift"; sourceTree = "<group>"; };
		90420055223ED8490022A640 /* Bus+CoreDataProperties.swift */ = {isa = PBXFileReference; lastKnownFileType = sourcecode.swift; path = "Bus+CoreDataProperties.swift"; sourceTree = "<group>"; };
		904200652241A48B0022A640 /* CustomCell.swift */ = {isa = PBXFileReference; lastKnownFileType = sourcecode.swift; path = CustomCell.swift; sourceTree = "<group>"; };
		904200692241C6D90022A640 /* CalendarViewController.swift */ = {isa = PBXFileReference; lastKnownFileType = sourcecode.swift; path = CalendarViewController.swift; sourceTree = "<group>"; };
		90E2D7D12246AABD00BF8A09 /* Location4+CoreDataClass.swift */ = {isa = PBXFileReference; lastKnownFileType = sourcecode.swift; path = "Location4+CoreDataClass.swift"; sourceTree = "<group>"; };
		90E2D7D22246AABD00BF8A09 /* Location4+CoreDataProperties.swift */ = {isa = PBXFileReference; lastKnownFileType = sourcecode.swift; path = "Location4+CoreDataProperties.swift"; sourceTree = "<group>"; };
		90E2D7D32246AABD00BF8A09 /* Location3+CoreDataClass.swift */ = {isa = PBXFileReference; lastKnownFileType = sourcecode.swift; path = "Location3+CoreDataClass.swift"; sourceTree = "<group>"; };
		90E2D7D42246AABD00BF8A09 /* Location3+CoreDataProperties.swift */ = {isa = PBXFileReference; lastKnownFileType = sourcecode.swift; path = "Location3+CoreDataProperties.swift"; sourceTree = "<group>"; };
		90E2D7D52246AABD00BF8A09 /* Location2+CoreDataClass.swift */ = {isa = PBXFileReference; lastKnownFileType = sourcecode.swift; path = "Location2+CoreDataClass.swift"; sourceTree = "<group>"; };
		90E2D7D62246AABD00BF8A09 /* Location2+CoreDataProperties.swift */ = {isa = PBXFileReference; lastKnownFileType = sourcecode.swift; path = "Location2+CoreDataProperties.swift"; sourceTree = "<group>"; };
		90E2D7D72246AABD00BF8A09 /* Location1+CoreDataClass.swift */ = {isa = PBXFileReference; lastKnownFileType = sourcecode.swift; path = "Location1+CoreDataClass.swift"; sourceTree = "<group>"; };
		90E2D7D82246AABD00BF8A09 /* Location1+CoreDataProperties.swift */ = {isa = PBXFileReference; lastKnownFileType = sourcecode.swift; path = "Location1+CoreDataProperties.swift"; sourceTree = "<group>"; };
		90E2D7E12246B72E00BF8A09 /* Model.xcmappingmodel */ = {isa = PBXFileReference; lastKnownFileType = wrapper.xcmappingmodel; path = Model.xcmappingmodel; sourceTree = "<group>"; };
		C12700D6653DCD0710319139 /* Pods-Zoodles.release.xcconfig */ = {isa = PBXFileReference; includeInIndex = 1; lastKnownFileType = text.xcconfig; name = "Pods-Zoodles.release.xcconfig"; path = "Target Support Files/Pods-Zoodles/Pods-Zoodles.release.xcconfig"; sourceTree = "<group>"; };
		CCA1B77F40C5304241407A2E /* Pods_Zoodles.framework */ = {isa = PBXFileReference; explicitFileType = wrapper.framework; includeInIndex = 0; path = Pods_Zoodles.framework; sourceTree = BUILT_PRODUCTS_DIR; };
/* End PBXFileReference section */

/* Begin PBXFrameworksBuildPhase section */
		90420021223D36790022A640 /* Frameworks */ = {
			isa = PBXFrameworksBuildPhase;
			buildActionMask = 2147483647;
			files = (
				885913065A3D4B031346D28A /* Pods_Zoodles.framework in Frameworks */,
			);
			runOnlyForDeploymentPostprocessing = 0;
		};
/* End PBXFrameworksBuildPhase section */

/* Begin PBXGroup section */
		704D1144CD38DEA8B0510B96 /* Frameworks */ = {
			isa = PBXGroup;
			children = (
				CCA1B77F40C5304241407A2E /* Pods_Zoodles.framework */,
			);
			name = Frameworks;
			sourceTree = "<group>";
		};
		9042001B223D36780022A640 = {
			isa = PBXGroup;
			children = (
				90420026223D36790022A640 /* Zoodles */,
				90420025223D36790022A640 /* Products */,
				AF26B7D870483E0F052A3CD5 /* Pods */,
				704D1144CD38DEA8B0510B96 /* Frameworks */,
			);
			sourceTree = "<group>";
		};
		90420025223D36790022A640 /* Products */ = {
			isa = PBXGroup;
			children = (
				90420024223D36790022A640 /* Zoodles.app */,
			);
			name = Products;
			sourceTree = "<group>";
		};
		90420026223D36790022A640 /* Zoodles */ = {
			isa = PBXGroup;
			children = (
				90E2D7D12246AABD00BF8A09 /* Location4+CoreDataClass.swift */,
				90E2D7D22246AABD00BF8A09 /* Location4+CoreDataProperties.swift */,
				90E2D7D32246AABD00BF8A09 /* Location3+CoreDataClass.swift */,
				90E2D7D42246AABD00BF8A09 /* Location3+CoreDataProperties.swift */,
				90E2D7D52246AABD00BF8A09 /* Location2+CoreDataClass.swift */,
				90E2D7D62246AABD00BF8A09 /* Location2+CoreDataProperties.swift */,
				90E2D7D72246AABD00BF8A09 /* Location1+CoreDataClass.swift */,
				90E2D7D82246AABD00BF8A09 /* Location1+CoreDataProperties.swift */,
				90420052223ED8490022A640 /* BusSchedule+CoreDataClass.swift */,
				90420053223ED8490022A640 /* BusSchedule+CoreDataProperties.swift */,
				90420054223ED8490022A640 /* Bus+CoreDataClass.swift */,
				90420055223ED8490022A640 /* Bus+CoreDataProperties.swift */,
				9042004C223DEB4E0022A640 /* Event+CoreDataClass.swift */,
				9042004D223DEB4E0022A640 /* Event+CoreDataProperties.swift */,
				9042003E223D3BF50022A640 /* Person+CoreDataClass.swift */,
				9042003F223D3BF50022A640 /* Person+CoreDataProperties.swift */,
				90420027223D36790022A640 /* AppDelegate.swift */,
				9042003C223D38940022A640 /* PersistenceService.swift */,
				90420050223ED46E0022A640 /* BusScheduleViewController.swift */,
				90420042223D44A60022A640 /* CreateAccountViewController.swift */,
				90420047223D6CEC0022A640 /* SignInViewController.swift */,
				90420029223D36790022A640 /* ViewController.swift */,
				904200692241C6D90022A640 /* CalendarViewController.swift */,
				9042004A223DC3C90022A640 /* SelectedEventsViewController.swift */,
				9042002B223D36790022A640 /* Main.storyboard */,
				904200652241A48B0022A640 /* CustomCell.swift */,
				90420031223D36800022A640 /* Assets.xcassets */,
				90420033223D36800022A640 /* LaunchScreen.storyboard */,
				90420036223D36800022A640 /* Info.plist */,
				90E2D7EC2246BED300BF8A09 /* Saving_Data.xcdatamodeld */,
				90E2D7E12246B72E00BF8A09 /* Model.xcmappingmodel */,
			);
			path = Zoodles;
			sourceTree = "<group>";
		};
		AF26B7D870483E0F052A3CD5 /* Pods */ = {
			isa = PBXGroup;
			children = (
				24201BCD68EF51E3E548D585 /* Pods-Zoodles.debug.xcconfig */,
				C12700D6653DCD0710319139 /* Pods-Zoodles.release.xcconfig */,
			);
			path = Pods;
			sourceTree = "<group>";
		};
/* End PBXGroup section */

/* Begin PBXNativeTarget section */
		90420023223D36790022A640 /* Zoodles */ = {
			isa = PBXNativeTarget;
			buildConfigurationList = 90420039223D36800022A640 /* Build configuration list for PBXNativeTarget "Zoodles" */;
			buildPhases = (
				BB5DF874CF97D18D100444F9 /* [CP] Check Pods Manifest.lock */,
				90420020223D36790022A640 /* Sources */,
				90420021223D36790022A640 /* Frameworks */,
				90420022223D36790022A640 /* Resources */,
				FC0C0F5D7A3DC62192BADF67 /* [CP] Embed Pods Frameworks */,
			);
			buildRules = (
			);
			dependencies = (
			);
			name = Zoodles;
			productName = "Saving Data";
			productReference = 90420024223D36790022A640 /* Zoodles.app */;
			productType = "com.apple.product-type.application";
		};
/* End PBXNativeTarget section */

/* Begin PBXProject section */
		9042001C223D36780022A640 /* Project object */ = {
			isa = PBXProject;
			attributes = {
				LastSwiftUpdateCheck = 1010;
				LastUpgradeCheck = 1010;
				ORGANIZATIONNAME = "Nancy Wu";
				TargetAttributes = {
					90420023223D36790022A640 = {
						CreatedOnToolsVersion = 10.1;
					};
				};
			};
			buildConfigurationList = 9042001F223D36780022A640 /* Build configuration list for PBXProject "Zoodles" */;
			compatibilityVersion = "Xcode 9.3";
			developmentRegion = en;
			hasScannedForEncodings = 0;
			knownRegions = (
				en,
				Base,
			);
			mainGroup = 9042001B223D36780022A640;
			productRefGroup = 90420025223D36790022A640 /* Products */;
			projectDirPath = "";
			projectRoot = "";
			targets = (
				90420023223D36790022A640 /* Zoodles */,
			);
		};
/* End PBXProject section */

/* Begin PBXResourcesBuildPhase section */
		90420022223D36790022A640 /* Resources */ = {
			isa = PBXResourcesBuildPhase;
			buildActionMask = 2147483647;
			files = (
				90420035223D36800022A640 /* LaunchScreen.storyboard in Resources */,
				90420032223D36800022A640 /* Assets.xcassets in Resources */,
				9042002D223D36790022A640 /* Main.storyboard in Resources */,
			);
			runOnlyForDeploymentPostprocessing = 0;
		};
/* End PBXResourcesBuildPhase section */

/* Begin PBXShellScriptBuildPhase section */
		BB5DF874CF97D18D100444F9 /* [CP] Check Pods Manifest.lock */ = {
			isa = PBXShellScriptBuildPhase;
			buildActionMask = 2147483647;
			files = (
			);
			inputFileListPaths = (
			);
			inputPaths = (
				"${PODS_PODFILE_DIR_PATH}/Podfile.lock",
				"${PODS_ROOT}/Manifest.lock",
			);
			name = "[CP] Check Pods Manifest.lock";
			outputFileListPaths = (
			);
			outputPaths = (
				"$(DERIVED_FILE_DIR)/Pods-Zoodles-checkManifestLockResult.txt",
			);
			runOnlyForDeploymentPostprocessing = 0;
			shellPath = /bin/sh;
			shellScript = "diff \"${PODS_PODFILE_DIR_PATH}/Podfile.lock\" \"${PODS_ROOT}/Manifest.lock\" > /dev/null\nif [ $? != 0 ] ; then\n    # print error to STDERR\n    echo \"error: The sandbox is not in sync with the Podfile.lock. Run 'pod install' or update your CocoaPods installation.\" >&2\n    exit 1\nfi\n# This output is used by Xcode 'outputs' to avoid re-running this script phase.\necho \"SUCCESS\" > \"${SCRIPT_OUTPUT_FILE_0}\"\n";
			showEnvVarsInLog = 0;
		};
		FC0C0F5D7A3DC62192BADF67 /* [CP] Embed Pods Frameworks */ = {
			isa = PBXShellScriptBuildPhase;
			buildActionMask = 2147483647;
			files = (
			);
			inputFileListPaths = (
			);
			inputPaths = (
				"${PODS_ROOT}/Target Support Files/Pods-Zoodles/Pods-Zoodles-frameworks.sh",
				"${BUILT_PRODUCTS_DIR}/JTAppleCalendar/JTAppleCalendar.framework",
			);
			name = "[CP] Embed Pods Frameworks";
			outputFileListPaths = (
			);
			outputPaths = (
				"${TARGET_BUILD_DIR}/${FRAMEWORKS_FOLDER_PATH}/JTAppleCalendar.framework",
			);
			runOnlyForDeploymentPostprocessing = 0;
			shellPath = /bin/sh;
			shellScript = "\"${PODS_ROOT}/Target Support Files/Pods-Zoodles/Pods-Zoodles-frameworks.sh\"\n";
			showEnvVarsInLog = 0;
		};
/* End PBXShellScriptBuildPhase section */

/* Begin PBXSourcesBuildPhase section */
		90420020223D36790022A640 /* Sources */ = {
			isa = PBXSourcesBuildPhase;
			buildActionMask = 2147483647;
			files = (
				90420058223ED8490022A640 /* Bus+CoreDataClass.swift in Sources */,
				90420051223ED46E0022A640 /* BusScheduleViewController.swift in Sources */,
				90E2D7E02246AABD00BF8A09 /* Location1+CoreDataProperties.swift in Sources */,
				904200662241A48B0022A640 /* CustomCell.swift in Sources */,
				9042004F223DEB4E0022A640 /* Event+CoreDataProperties.swift in Sources */,
				90E2D7DC2246AABD00BF8A09 /* Location3+CoreDataProperties.swift in Sources */,
				90E2D7DF2246AABD00BF8A09 /* Location1+CoreDataClass.swift in Sources */,
				90420043223D44A60022A640 /* CreateAccountViewController.swift in Sources */,
				90420057223ED8490022A640 /* BusSchedule+CoreDataProperties.swift in Sources */,
				9042006A2241C6D90022A640 /* CalendarViewController.swift in Sources */,
				9042002A223D36790022A640 /* ViewController.swift in Sources */,
				9042004E223DEB4E0022A640 /* Event+CoreDataClass.swift in Sources */,
				90E2D7DA2246AABD00BF8A09 /* Location4+CoreDataProperties.swift in Sources */,
				90E2D7DB2246AABD00BF8A09 /* Location3+CoreDataClass.swift in Sources */,
				9042003D223D38940022A640 /* PersistenceService.swift in Sources */,
				90E2D7ED2246BED400BF8A09 /* Saving_Data.xcdatamodeld in Sources */,
				90420056223ED8490022A640 /* BusSchedule+CoreDataClass.swift in Sources */,
				90E2D7D92246AABD00BF8A09 /* Location4+CoreDataClass.swift in Sources */,
				90E2D7DE2246AABD00BF8A09 /* Location2+CoreDataProperties.swift in Sources */,
				90E2D7DD2246AABD00BF8A09 /* Location2+CoreDataClass.swift in Sources */,
				90420041223D3BF60022A640 /* Person+CoreDataProperties.swift in Sources */,
				9042004B223DC3CA0022A640 /* SelectedEventsViewController.swift in Sources */,
				90420048223D6CEC0022A640 /* SignInViewController.swift in Sources */,
				90420059223ED8490022A640 /* Bus+CoreDataProperties.swift in Sources */,
				90420040223D3BF50022A640 /* Person+CoreDataClass.swift in Sources */,
				90420028223D36790022A640 /* AppDelegate.swift in Sources */,
				90E2D7E22246B72E00BF8A09 /* Model.xcmappingmodel in Sources */,
			);
			runOnlyForDeploymentPostprocessing = 0;
		};
/* End PBXSourcesBuildPhase section */

/* Begin PBXVariantGroup section */
		9042002B223D36790022A640 /* Main.storyboard */ = {
			isa = PBXVariantGroup;
			children = (
				9042002C223D36790022A640 /* Base */,
			);
			name = Main.storyboard;
			sourceTree = "<group>";
		};
		90420033223D36800022A640 /* LaunchScreen.storyboard */ = {
			isa = PBXVariantGroup;
			children = (
				90420034223D36800022A640 /* Base */,
			);
			name = LaunchScreen.storyboard;
			sourceTree = "<group>";
		};
/* End PBXVariantGroup section */

/* Begin XCBuildConfiguration section */
		90420037223D36800022A640 /* Debug */ = {
			isa = XCBuildConfiguration;
			buildSettings = {
				ALWAYS_SEARCH_USER_PATHS = NO;
				CLANG_ANALYZER_NONNULL = YES;
				CLANG_ANALYZER_NUMBER_OBJECT_CONVERSION = YES_AGGRESSIVE;
				CLANG_CXX_LANGUAGE_STANDARD = "gnu++14";
				CLANG_CXX_LIBRARY = "libc++";
				CLANG_ENABLE_MODULES = YES;
				CLANG_ENABLE_OBJC_ARC = YES;
				CLANG_ENABLE_OBJC_WEAK = YES;
				CLANG_WARN_BLOCK_CAPTURE_AUTORELEASING = YES;
				CLANG_WARN_BOOL_CONVERSION = YES;
				CLANG_WARN_COMMA = YES;
				CLANG_WARN_CONSTANT_CONVERSION = YES;
				CLANG_WARN_DEPRECATED_OBJC_IMPLEMENTATIONS = YES;
				CLANG_WARN_DIRECT_OBJC_ISA_USAGE = YES_ERROR;
				CLANG_WARN_DOCUMENTATION_COMMENTS = YES;
				CLANG_WARN_EMPTY_BODY = YES;
				CLANG_WARN_ENUM_CONVERSION = YES;
				CLANG_WARN_INFINITE_RECURSION = YES;
				CLANG_WARN_INT_CONVERSION = YES;
				CLANG_WARN_NON_LITERAL_NULL_CONVERSION = YES;
				CLANG_WARN_OBJC_IMPLICIT_RETAIN_SELF = YES;
				CLANG_WARN_OBJC_LITERAL_CONVERSION = YES;
				CLANG_WARN_OBJC_ROOT_CLASS = YES_ERROR;
				CLANG_WARN_RANGE_LOOP_ANALYSIS = YES;
				CLANG_WARN_STRICT_PROTOTYPES = YES;
				CLANG_WARN_SUSPICIOUS_MOVE = YES;
				CLANG_WARN_UNGUARDED_AVAILABILITY = YES_AGGRESSIVE;
				CLANG_WARN_UNREACHABLE_CODE = YES;
				CLANG_WARN__DUPLICATE_METHOD_MATCH = YES;
				CODE_SIGN_IDENTITY = "iPhone Developer";
				COPY_PHASE_STRIP = NO;
				DEBUG_INFORMATION_FORMAT = dwarf;
				ENABLE_STRICT_OBJC_MSGSEND = YES;
				ENABLE_TESTABILITY = YES;
				GCC_C_LANGUAGE_STANDARD = gnu11;
				GCC_DYNAMIC_NO_PIC = NO;
				GCC_NO_COMMON_BLOCKS = YES;
				GCC_OPTIMIZATION_LEVEL = 0;
				GCC_PREPROCESSOR_DEFINITIONS = (
					"DEBUG=1",
					"$(inherited)",
				);
				GCC_WARN_64_TO_32_BIT_CONVERSION = YES;
				GCC_WARN_ABOUT_RETURN_TYPE = YES_ERROR;
				GCC_WARN_UNDECLARED_SELECTOR = YES;
				GCC_WARN_UNINITIALIZED_AUTOS = YES_AGGRESSIVE;
				GCC_WARN_UNUSED_FUNCTION = YES;
				GCC_WARN_UNUSED_VARIABLE = YES;
				IPHONEOS_DEPLOYMENT_TARGET = 12.1;
				MTL_ENABLE_DEBUG_INFO = INCLUDE_SOURCE;
				MTL_FAST_MATH = YES;
				ONLY_ACTIVE_ARCH = YES;
				SDKROOT = iphoneos;
				SWIFT_ACTIVE_COMPILATION_CONDITIONS = DEBUG;
				SWIFT_OPTIMIZATION_LEVEL = "-Onone";
			};
			name = Debug;
		};
		90420038223D36800022A640 /* Release */ = {
			isa = XCBuildConfiguration;
			buildSettings = {
				ALWAYS_SEARCH_USER_PATHS = NO;
				CLANG_ANALYZER_NONNULL = YES;
				CLANG_ANALYZER_NUMBER_OBJECT_CONVERSION = YES_AGGRESSIVE;
				CLANG_CXX_LANGUAGE_STANDARD = "gnu++14";
				CLANG_CXX_LIBRARY = "libc++";
				CLANG_ENABLE_MODULES = YES;
				CLANG_ENABLE_OBJC_ARC = YES;
				CLANG_ENABLE_OBJC_WEAK = YES;
				CLANG_WARN_BLOCK_CAPTURE_AUTORELEASING = YES;
				CLANG_WARN_BOOL_CONVERSION = YES;
				CLANG_WARN_COMMA = YES;
				CLANG_WARN_CONSTANT_CONVERSION = YES;
				CLANG_WARN_DEPRECATED_OBJC_IMPLEMENTATIONS = YES;
				CLANG_WARN_DIRECT_OBJC_ISA_USAGE = YES_ERROR;
				CLANG_WARN_DOCUMENTATION_COMMENTS = YES;
				CLANG_WARN_EMPTY_BODY = YES;
				CLANG_WARN_ENUM_CONVERSION = YES;
				CLANG_WARN_INFINITE_RECURSION = YES;
				CLANG_WARN_INT_CONVERSION = YES;
				CLANG_WARN_NON_LITERAL_NULL_CONVERSION = YES;
				CLANG_WARN_OBJC_IMPLICIT_RETAIN_SELF = YES;
				CLANG_WARN_OBJC_LITERAL_CONVERSION = YES;
				CLANG_WARN_OBJC_ROOT_CLASS = YES_ERROR;
				CLANG_WARN_RANGE_LOOP_ANALYSIS = YES;
				CLANG_WARN_STRICT_PROTOTYPES = YES;
				CLANG_WARN_SUSPICIOUS_MOVE = YES;
				CLANG_WARN_UNGUARDED_AVAILABILITY = YES_AGGRESSIVE;
				CLANG_WARN_UNREACHABLE_CODE = YES;
				CLANG_WARN__DUPLICATE_METHOD_MATCH = YES;
				CODE_SIGN_IDENTITY = "iPhone Developer";
				COPY_PHASE_STRIP = NO;
				DEBUG_INFORMATION_FORMAT = "dwarf-with-dsym";
				ENABLE_NS_ASSERTIONS = NO;
				ENABLE_STRICT_OBJC_MSGSEND = YES;
				GCC_C_LANGUAGE_STANDARD = gnu11;
				GCC_NO_COMMON_BLOCKS = YES;
				GCC_WARN_64_TO_32_BIT_CONVERSION = YES;
				GCC_WARN_ABOUT_RETURN_TYPE = YES_ERROR;
				GCC_WARN_UNDECLARED_SELECTOR = YES;
				GCC_WARN_UNINITIALIZED_AUTOS = YES_AGGRESSIVE;
				GCC_WARN_UNUSED_FUNCTION = YES;
				GCC_WARN_UNUSED_VARIABLE = YES;
				IPHONEOS_DEPLOYMENT_TARGET = 12.1;
				MTL_ENABLE_DEBUG_INFO = NO;
				MTL_FAST_MATH = YES;
				SDKROOT = iphoneos;
				SWIFT_COMPILATION_MODE = wholemodule;
				SWIFT_OPTIMIZATION_LEVEL = "-O";
				VALIDATE_PRODUCT = YES;
			};
			name = Release;
		};
		9042003A223D36800022A640 /* Debug */ = {
			isa = XCBuildConfiguration;
			baseConfigurationReference = 24201BCD68EF51E3E548D585 /* Pods-Zoodles.debug.xcconfig */;
			buildSettings = {
				ASSETCATALOG_COMPILER_APPICON_NAME = AppIcon;
				CODE_SIGN_STYLE = Automatic;
				DEVELOPMENT_TEAM = TSTJ65Q2X5;
				INFOPLIST_FILE = Zoodles/Info.plist;
				IPHONEOS_DEPLOYMENT_TARGET = 11.3;
				LD_RUNPATH_SEARCH_PATHS = (
					"$(inherited)",
					"@executable_path/Frameworks",
				);
				PRODUCT_BUNDLE_IDENTIFIER = Nancy.Zoodles;
				PRODUCT_NAME = "$(TARGET_NAME)";
				SWIFT_VERSION = 4.2;
				TARGETED_DEVICE_FAMILY = "1,2";
			};
			name = Debug;
		};
		9042003B223D36800022A640 /* Release */ = {
			isa = XCBuildConfiguration;
			baseConfigurationReference = C12700D6653DCD0710319139 /* Pods-Zoodles.release.xcconfig */;
			buildSettings = {
				ASSETCATALOG_COMPILER_APPICON_NAME = AppIcon;
				CODE_SIGN_STYLE = Automatic;
				DEVELOPMENT_TEAM = TSTJ65Q2X5;
				INFOPLIST_FILE = Zoodles/Info.plist;
				IPHONEOS_DEPLOYMENT_TARGET = 11.3;
				LD_RUNPATH_SEARCH_PATHS = (
					"$(inherited)",
					"@executable_path/Frameworks",
				);
				PRODUCT_BUNDLE_IDENTIFIER = Nancy.Zoodles;
				PRODUCT_NAME = "$(TARGET_NAME)";
				SWIFT_VERSION = 4.2;
				TARGETED_DEVICE_FAMILY = "1,2";
			};
			name = Release;
		};
/* End XCBuildConfiguration section */

/* Begin XCConfigurationList section */
		9042001F223D36780022A640 /* Build configuration list for PBXProject "Zoodles" */ = {
			isa = XCConfigurationList;
			buildConfigurations = (
				90420037223D36800022A640 /* Debug */,
				90420038223D36800022A640 /* Release */,
			);
			defaultConfigurationIsVisible = 0;
			defaultConfigurationName = Release;
		};
		90420039223D36800022A640 /* Build configuration list for PBXNativeTarget "Zoodles" */ = {
			isa = XCConfigurationList;
			buildConfigurations = (
				9042003A223D36800022A640 /* Debug */,
				9042003B223D36800022A640 /* Release */,
			);
			defaultConfigurationIsVisible = 0;
			defaultConfigurationName = Release;
		};
/* End XCConfigurationList section */

/* Begin XCVersionGroup section */
		90E2D7EC2246BED300BF8A09 /* Saving_Data.xcdatamodeld */ = {
			isa = XCVersionGroup;
			children = (
			);
			name = Saving_Data.xcdatamodeld;
			path = ../Zoodles/Saving_Data.xcdatamodeld;
			sourceTree = "<group>";
			versionGroupType = wrapper.xcdatamodel;
		};
/* End XCVersionGroup section */
	};
	rootObject = 9042001C223D36780022A640 /* Project object */;
}
